{
  "version": 4,
  "terraform_version": "1.1.6",
  "serial": 211,
  "lineage": "52211f22-37cd-a49a-d48f-91612961f6df",
  "outputs": {
    "codecommit_repository": {
      "value": "https://git-codecommit.ap-northeast-1.amazonaws.com/v1/repos/sample_apprun",
      "type": "string"
    }
  },
  "resources": [
    {
      "mode": "data",
      "type": "aws_caller_identity",
      "name": "current",
      "provider": "provider[\"registry.terraform.io/hashicorp/aws\"]",
      "instances": [
        {
          "schema_version": 0,
          "attributes": {
            "account_id": "916512047750",
            "arn": "arn:aws:iam::916512047750:user/DaichiOzaki",
            "id": "916512047750",
            "user_id": "AIDA5KZDAAKDNDSP7CT5P"
          },
          "sensitive_attributes": []
        }
      ]
    },
    {
      "mode": "managed",
      "type": "aws_cloudwatch_event_rule",
      "name": "cwe-01",
      "provider": "provider[\"registry.terraform.io/hashicorp/aws\"]",
      "instances": [
        {
          "schema_version": 0,
          "attributes": {
            "arn": "arn:aws:events:ap-northeast-1:916512047750:rule/sample-apprun-cp-cwe",
            "description": "CodePipeline CloudWatch Events",
            "event_bus_name": "default",
            "event_pattern": "{\"detail\":{\"event\":[\"referenceCreated\",\"referenceUpdated\"],\"referenceName\":[\"master\"],\"referenceType\":[\"branch\"]},\"detail-type\":[\"CodeCommit Repository State Change\"],\"resources\":[\"arn:aws:codecommit:ap-northeast-1:916512047750:sample_apprun\"],\"source\":[\"aws.codecommit\"]}",
            "id": "sample-apprun-cp-cwe",
            "is_enabled": true,
            "name": "sample-apprun-cp-cwe",
            "name_prefix": "",
            "role_arn": "",
            "schedule_expression": "",
            "tags": null,
            "tags_all": {}
          },
          "sensitive_attributes": [],
          "private": "bnVsbA==",
          "dependencies": [
            "aws_codebuild_project.cb-01",
            "aws_codecommit_repository.repo-01",
            "aws_codedeploy_app.deploy_app",
            "aws_codedeploy_deployment_group.deployment_group",
            "aws_codepipeline.cp-01",
            "aws_ecr_repository.ecr-01",
            "aws_iam_role.cb-01-role",
            "aws_iam_role.cp-01-role",
            "aws_iam_role.deploy_role",
            "aws_s3_bucket.artifact_store",
            "aws_sns_topic.CICD_execution_results",
            "data.aws_caller_identity.current"
          ]
        }
      ]
    },
    {
      "mode": "managed",
      "type": "aws_cloudwatch_event_target",
      "name": "cwe-01_target",
      "provider": "provider[\"registry.terraform.io/hashicorp/aws\"]",
      "instances": [
        {
          "schema_version": 1,
          "attributes": {
            "arn": "arn:aws:codepipeline:ap-northeast-1:916512047750:sample-apprun-cp",
            "batch_target": [],
            "dead_letter_config": [],
            "ecs_target": [],
            "event_bus_name": "default",
            "http_target": [],
            "id": "sample-apprun-cp-cwe-CodePipeline",
            "input": "",
            "input_path": "",
            "input_transformer": [],
            "kinesis_target": [],
            "redshift_target": [],
            "retry_policy": [],
            "role_arn": "arn:aws:iam::916512047750:role/sample-apprun-cwe-role",
            "rule": "sample-apprun-cp-cwe",
            "run_command_targets": [],
            "sqs_target": [],
            "target_id": "CodePipeline"
          },
          "sensitive_attributes": [],
          "private": "eyJzY2hlbWFfdmVyc2lvbiI6IjEifQ==",
          "dependencies": [
            "aws_cloudwatch_event_rule.cwe-01",
            "aws_codebuild_project.cb-01",
            "aws_codecommit_repository.repo-01",
            "aws_codedeploy_app.deploy_app",
            "aws_codedeploy_deployment_group.deployment_group",
            "aws_codepipeline.cp-01",
            "aws_ecr_repository.ecr-01",
            "aws_iam_role.cb-01-role",
            "aws_iam_role.cp-01-role",
            "aws_iam_role.cwe-01-role",
            "aws_iam_role.deploy_role",
            "aws_s3_bucket.artifact_store",
            "aws_sns_topic.CICD_execution_results",
            "data.aws_caller_identity.current"
          ]
        }
      ]
    },
    {
      "mode": "managed",
      "type": "aws_codebuild_project",
      "name": "cb-01",
      "provider": "provider[\"registry.terraform.io/hashicorp/aws\"]",
      "instances": [
        {
          "schema_version": 0,
          "attributes": {
            "arn": "arn:aws:codebuild:ap-northeast-1:916512047750:project/sample_apprun-cb",
            "artifacts": [
              {
                "artifact_identifier": "",
                "bucket_owner_access": "",
                "encryption_disabled": false,
                "location": "",
                "name": "",
                "namespace_type": "",
                "override_artifact_name": false,
                "packaging": "",
                "path": "",
                "type": "NO_ARTIFACTS"
              }
            ],
            "badge_enabled": false,
            "badge_url": "",
            "build_batch_config": [],
            "build_timeout": 5,
            "cache": [
              {
                "location": "",
                "modes": [],
                "type": "NO_CACHE"
              }
            ],
            "concurrent_build_limit": 0,
            "description": "CodeBuild Project",
            "encryption_key": "arn:aws:kms:ap-northeast-1:916512047750:alias/aws/s3",
            "environment": [
              {
                "certificate": "",
                "compute_type": "BUILD_GENERAL1_SMALL",
                "environment_variable": [
                  {
                    "name": "AWS_ACCOUNT_ID",
                    "type": "PLAINTEXT",
                    "value": "916512047750"
                  },
                  {
                    "name": "IMAGE_REPO_NAME",
                    "type": "PLAINTEXT",
                    "value": "sample_apprun"
                  }
                ],
                "image": "aws/codebuild/amazonlinux2-x86_64-standard:3.0",
                "image_pull_credentials_type": "CODEBUILD",
                "privileged_mode": true,
                "registry_credential": [],
                "type": "LINUX_CONTAINER"
              }
            ],
            "file_system_locations": [],
            "id": "arn:aws:codebuild:ap-northeast-1:916512047750:project/sample_apprun-cb",
            "logs_config": [
              {
                "cloudwatch_logs": [
                  {
                    "group_name": "/codebuild/sample-apprun-cb",
                    "status": "ENABLED",
                    "stream_name": ""
                  }
                ],
                "s3_logs": [
                  {
                    "bucket_owner_access": "",
                    "encryption_disabled": false,
                    "location": "",
                    "status": "DISABLED"
                  }
                ]
              }
            ],
            "name": "sample_apprun-cb",
            "project_visibility": "PRIVATE",
            "public_project_alias": "",
            "queued_timeout": 480,
            "resource_access_role": "",
            "secondary_artifacts": [],
            "secondary_source_version": [],
            "secondary_sources": [],
            "service_role": "arn:aws:iam::916512047750:role/sample-apprun-cb-role",
            "source": [
              {
                "auth": [],
                "build_status_config": [],
                "buildspec": "",
                "git_clone_depth": 1,
                "git_submodules_config": [],
                "insecure_ssl": false,
                "location": "https://git-codecommit.ap-northeast-1.amazonaws.com/v1/repos/sample_apprun",
                "report_build_status": false,
                "type": "CODECOMMIT"
              }
            ],
            "source_version": "refs/heads/master",
            "tags": null,
            "tags_all": {},
            "vpc_config": []
          },
          "sensitive_attributes": [],
          "private": "bnVsbA==",
          "dependencies": [
            "aws_codecommit_repository.repo-01",
            "aws_ecr_repository.ecr-01",
            "aws_iam_role.cb-01-role",
            "data.aws_caller_identity.current"
          ]
        }
      ]
    },
    {
      "mode": "managed",
      "type": "aws_codecommit_repository",
      "name": "repo-01",
      "provider": "provider[\"registry.terraform.io/hashicorp/aws\"]",
      "instances": [
        {
          "schema_version": 0,
          "attributes": {
            "arn": "arn:aws:codecommit:ap-northeast-1:916512047750:sample_apprun",
            "clone_url_http": "https://git-codecommit.ap-northeast-1.amazonaws.com/v1/repos/sample_apprun",
            "clone_url_ssh": "ssh://git-codecommit.ap-northeast-1.amazonaws.com/v1/repos/sample_apprun",
            "default_branch": null,
            "description": "App for App Runner",
            "id": "sample_apprun",
            "repository_id": "7140011e-76b8-444e-8878-8b25d07f10e1",
            "repository_name": "sample_apprun",
            "tags": null,
            "tags_all": {}
          },
          "sensitive_attributes": [],
          "private": "bnVsbA=="
        }
      ]
    },
    {
      "mode": "managed",
      "type": "aws_codedeploy_app",
      "name": "deploy_app",
      "provider": "provider[\"registry.terraform.io/hashicorp/aws\"]",
      "instances": [
        {
          "schema_version": 0,
          "attributes": {
            "application_id": "24fcf0c2-a595-48b3-8faa-992c5378a487",
            "arn": "arn:aws:codedeploy:ap-northeast-1:916512047750:application:sample-apprun_codedeploy_app",
            "compute_platform": "Server",
            "github_account_name": "",
            "id": "24fcf0c2-a595-48b3-8faa-992c5378a487:sample-apprun_codedeploy_app",
            "linked_to_github": false,
            "name": "sample-apprun_codedeploy_app",
            "tags": null,
            "tags_all": {}
          },
          "sensitive_attributes": [],
          "private": "bnVsbA=="
        }
      ]
    },
    {
      "mode": "managed",
      "type": "aws_codedeploy_deployment_group",
      "name": "deployment_group",
      "provider": "provider[\"registry.terraform.io/hashicorp/aws\"]",
      "instances": [
        {
          "schema_version": 0,
          "attributes": {
            "alarm_configuration": [],
            "app_name": "sample-apprun_codedeploy_app",
            "arn": "arn:aws:codedeploy:ap-northeast-1:916512047750:deploymentgroup:sample-apprun_codedeploy_app/sample-apprun_codedeployment_group",
            "auto_rollback_configuration": [
              {
                "enabled": true,
                "events": [
                  "DEPLOYMENT_FAILURE"
                ]
              }
            ],
            "autoscaling_groups": null,
            "blue_green_deployment_config": [],
            "compute_platform": "Server",
            "deployment_config_name": "CodeDeployDefault.OneAtATime",
            "deployment_group_id": "d0aca167-a759-4370-a8a6-51b50024c485",
            "deployment_group_name": "sample-apprun_codedeployment_group",
            "deployment_style": [
              {
                "deployment_option": "WITHOUT_TRAFFIC_CONTROL",
                "deployment_type": "IN_PLACE"
              }
            ],
            "ec2_tag_filter": [
              {
                "key": "filterkey2",
                "type": "KEY_AND_VALUE",
                "value": "filtervalue"
              }
            ],
            "ec2_tag_set": [],
            "ecs_service": [],
            "id": "d0aca167-a759-4370-a8a6-51b50024c485",
            "load_balancer_info": [],
            "on_premises_instance_tag_filter": [],
            "service_role_arn": "arn:aws:iam::916512047750:role/sample-apprun_deploy_role",
            "tags": null,
            "tags_all": {},
            "trigger_configuration": [
              {
                "trigger_events": [
                  "DeploymentFailure",
                  "DeploymentStart",
                  "DeploymentSuccess"
                ],
                "trigger_name": "sample-apprun_trigger",
                "trigger_target_arn": "arn:aws:sns:ap-northeast-1:916512047750:sample-apprun_sns_topic_name"
              }
            ]
          },
          "sensitive_attributes": [],
          "private": "bnVsbA==",
          "dependencies": [
            "aws_codedeploy_app.deploy_app",
            "aws_iam_role.deploy_role",
            "aws_sns_topic.CICD_execution_results"
          ]
        }
      ]
    },
    {
      "mode": "managed",
      "type": "aws_codepipeline",
      "name": "cp-01",
      "provider": "provider[\"registry.terraform.io/hashicorp/aws\"]",
      "instances": [
        {
          "schema_version": 0,
          "attributes": {
            "arn": "arn:aws:codepipeline:ap-northeast-1:916512047750:sample-apprun-cp",
            "artifact_store": [
              {
                "encryption_key": [],
                "location": "sample-apprun-artifact-for-cicdpipeline",
                "region": "",
                "type": "S3"
              }
            ],
            "id": "sample-apprun-cp",
            "name": "sample-apprun-cp",
            "role_arn": "arn:aws:iam::916512047750:role/sample-apprun-cp-role",
            "stage": [
              {
                "action": [
                  {
                    "category": "Source",
                    "configuration": {
                      "BranchName": "master",
                      "OutputArtifactFormat": "CODE_ZIP",
                      "PollForSourceChanges": "false",
                      "RepositoryName": "sample_apprun"
                    },
                    "input_artifacts": null,
                    "name": "Source",
                    "namespace": "SourceVariables",
                    "output_artifacts": [
                      "SourceArtifact"
                    ],
                    "owner": "AWS",
                    "provider": "CodeCommit",
                    "region": "",
                    "role_arn": "",
                    "run_order": 1,
                    "version": "1"
                  }
                ],
                "name": "Source"
              },
              {
                "action": [
                  {
                    "category": "Build",
                    "configuration": {
                      "ProjectName": "sample_apprun-cb"
                    },
                    "input_artifacts": [
                      "SourceArtifact"
                    ],
                    "name": "Build",
                    "namespace": "BuildVariables",
                    "output_artifacts": [
                      "BuildArtifact"
                    ],
                    "owner": "AWS",
                    "provider": "CodeBuild",
                    "region": "",
                    "role_arn": "",
                    "run_order": 1,
                    "version": "1"
                  }
                ],
                "name": "Build"
              },
              {
                "action": [
                  {
                    "category": "Deploy",
                    "configuration": {
                      "ApplicationName": "sample-apprun_codedeploy_app",
                      "DeploymentGroupName": "d0aca167-a759-4370-a8a6-51b50024c485"
                    },
                    "input_artifacts": [
                      "BuildArtifact"
                    ],
                    "name": "Deploy",
                    "namespace": "DeployVariables",
                    "output_artifacts": null,
                    "owner": "AWS",
                    "provider": "CodeDeploy",
                    "region": "",
                    "role_arn": "",
                    "run_order": 1,
                    "version": "1"
                  }
                ],
                "name": "Deploy"
              }
            ],
            "tags": null,
            "tags_all": {}
          },
          "sensitive_attributes": [],
          "private": "bnVsbA==",
          "dependencies": [
            "aws_codebuild_project.cb-01",
            "aws_codecommit_repository.repo-01",
            "aws_codedeploy_app.deploy_app",
            "aws_codedeploy_deployment_group.deployment_group",
            "aws_ecr_repository.ecr-01",
            "aws_iam_role.cb-01-role",
            "aws_iam_role.cp-01-role",
            "aws_iam_role.deploy_role",
            "aws_s3_bucket.artifact_store",
            "aws_sns_topic.CICD_execution_results",
            "data.aws_caller_identity.current"
          ]
        }
      ]
    },
    {
      "mode": "managed",
      "type": "aws_ecr_repository",
      "name": "ecr-01",
      "provider": "provider[\"registry.terraform.io/hashicorp/aws\"]",
      "instances": [
        {
          "schema_version": 0,
          "attributes": {
            "arn": "arn:aws:ecr:ap-northeast-1:916512047750:repository/sample_apprun",
            "encryption_configuration": [
              {
                "encryption_type": "AES256",
                "kms_key": ""
              }
            ],
            "id": "sample_apprun",
            "image_scanning_configuration": [
              {
                "scan_on_push": false
              }
            ],
            "image_tag_mutability": "MUTABLE",
            "name": "sample_apprun",
            "registry_id": "916512047750",
            "repository_url": "916512047750.dkr.ecr.ap-northeast-1.amazonaws.com/sample_apprun",
            "tags": null,
            "tags_all": {},
            "timeouts": null
          },
          "sensitive_attributes": [],
          "private": "eyJlMmJmYjczMC1lY2FhLTExZTYtOGY4OC0zNDM2M2JjN2M0YzAiOnsiZGVsZXRlIjoxMjAwMDAwMDAwMDAwfX0="
        }
      ]
    },
    {
      "mode": "managed",
      "type": "aws_iam_instance_profile",
      "name": "instance_role",
      "provider": "provider[\"registry.terraform.io/hashicorp/aws\"]",
      "instances": [
        {
          "schema_version": 0,
          "attributes": {
            "arn": "arn:aws:iam::916512047750:instance-profile/sample-apprun_profile",
            "create_date": "2022-07-07T13:42:47Z",
            "id": "sample-apprun_profile",
            "name": "sample-apprun_profile",
            "name_prefix": null,
            "path": "/",
            "role": "sample-apprun_instance_role",
            "tags": null,
            "tags_all": {},
            "unique_id": "AIPA5KZDAAKDEP2YYXKZX"
          },
          "sensitive_attributes": [],
          "private": "bnVsbA==",
          "dependencies": [
            "aws_iam_role.instance_role"
          ]
        }
      ]
    },
    {
      "mode": "managed",
      "type": "aws_iam_policy",
      "name": "cb-01-role_policy-01",
      "provider": "provider[\"registry.terraform.io/hashicorp/aws\"]",
      "instances": [
        {
          "schema_version": 0,
          "attributes": {
            "arn": "arn:aws:iam::916512047750:policy/sample-apprun-cb-policy",
            "description": "",
            "id": "arn:aws:iam::916512047750:policy/sample-apprun-cb-policy",
            "name": "sample-apprun-cb-policy",
            "name_prefix": null,
            "path": "/",
            "policy": "{\"Statement\":[{\"Action\":[\"logs:CreateLogGroup\",\"logs:CreateLogStream\",\"logs:PutLogEvents\"],\"Effect\":\"Allow\",\"Resource\":[\"*\"],\"Sid\":\"CloudWatchLogsPolicy\"},{\"Action\":[\"codecommit:GitPull\"],\"Effect\":\"Allow\",\"Resource\":[\"*\"],\"Sid\":\"CodeCommitPolicy\"},{\"Action\":[\"s3:GetObject\",\"s3:GetObjectVersion\"],\"Effect\":\"Allow\",\"Resource\":[\"*\"],\"Sid\":\"S3GetObjectPolicy\"},{\"Action\":[\"s3:PutObject\"],\"Effect\":\"Allow\",\"Resource\":[\"*\"],\"Sid\":\"S3PutObjectPolicy\"},{\"Action\":[\"ecr:BatchCheckLayerAvailability\",\"ecr:GetDownloadUrlForLayer\",\"ecr:BatchGetImage\"],\"Effect\":\"Allow\",\"Resource\":[\"*\"],\"Sid\":\"ECRPullPolicy\"},{\"Action\":[\"ecr:GetAuthorizationToken\"],\"Effect\":\"Allow\",\"Resource\":[\"*\"],\"Sid\":\"ECRAuthPolicy\"},{\"Action\":[\"s3:GetBucketAcl\",\"s3:GetBucketLocation\"],\"Effect\":\"Allow\",\"Resource\":\"*\",\"Sid\":\"S3BucketIdentity\"}],\"Version\":\"2012-10-17\"}",
            "policy_id": "ANPA5KZDAAKDD7GWORAXK",
            "tags": null,
            "tags_all": {}
          },
          "sensitive_attributes": [],
          "private": "bnVsbA=="
        }
      ]
    },
    {
      "mode": "managed",
      "type": "aws_iam_policy",
      "name": "cp-01-role_policy-01",
      "provider": "provider[\"registry.terraform.io/hashicorp/aws\"]",
      "instances": [
        {
          "schema_version": 0,
          "attributes": {
            "arn": "arn:aws:iam::916512047750:policy/sample-apprun-cp-policy",
            "description": "",
            "id": "arn:aws:iam::916512047750:policy/sample-apprun-cp-policy",
            "name": "sample-apprun-cp-policy",
            "name_prefix": null,
            "path": "/",
            "policy": "{\"Statement\":[{\"Action\":[\"iam:PassRole\"],\"Condition\":{\"StringEqualsIfExists\":{\"iam:PassedToService\":[\"cloudformation.amazonaws.com\",\"elasticbeanstalk.amazonaws.com\",\"ec2.amazonaws.com\",\"ecs-tasks.amazonaws.com\"]}},\"Effect\":\"Allow\",\"Resource\":\"*\"},{\"Action\":[\"codecommit:CancelUploadArchive\",\"codecommit:GetBranch\",\"codecommit:GetCommit\",\"codecommit:GetUploadArchiveStatus\",\"codecommit:UploadArchive\"],\"Effect\":\"Allow\",\"Resource\":\"*\"},{\"Action\":[\"codedeploy:CreateDeployment\",\"codedeploy:GetApplication\",\"codedeploy:GetApplicationRevision\",\"codedeploy:GetDeployment\",\"codedeploy:GetDeploymentConfig\",\"codedeploy:RegisterApplicationRevision\"],\"Effect\":\"Allow\",\"Resource\":\"*\"},{\"Action\":[\"elasticbeanstalk:*\",\"ec2:*\",\"elasticloadbalancing:*\",\"autoscaling:*\",\"cloudwatch:*\",\"s3:*\",\"sns:*\",\"cloudformation:*\",\"rds:*\",\"sqs:*\",\"ecs:*\"],\"Effect\":\"Allow\",\"Resource\":\"*\"},{\"Action\":[\"lambda:InvokeFunction\",\"lambda:ListFunctions\"],\"Effect\":\"Allow\",\"Resource\":\"*\"},{\"Action\":[\"opsworks:CreateDeployment\",\"opsworks:DescribeApps\",\"opsworks:DescribeCommands\",\"opsworks:DescribeDeployments\",\"opsworks:DescribeInstances\",\"opsworks:DescribeStacks\",\"opsworks:UpdateApp\",\"opsworks:UpdateStack\"],\"Effect\":\"Allow\",\"Resource\":\"*\"},{\"Action\":[\"cloudformation:CreateStack\",\"cloudformation:DeleteStack\",\"cloudformation:DescribeStacks\",\"cloudformation:UpdateStack\",\"cloudformation:CreateChangeSet\",\"cloudformation:DeleteChangeSet\",\"cloudformation:DescribeChangeSet\",\"cloudformation:ExecuteChangeSet\",\"cloudformation:SetStackPolicy\",\"cloudformation:ValidateTemplate\"],\"Effect\":\"Allow\",\"Resource\":\"*\"},{\"Action\":[\"codebuild:BatchGetBuilds\",\"codebuild:StartBuild\"],\"Effect\":\"Allow\",\"Resource\":\"*\"},{\"Action\":[\"devicefarm:ListProjects\",\"devicefarm:ListDevicePools\",\"devicefarm:GetRun\",\"devicefarm:GetUpload\",\"devicefarm:CreateUpload\",\"devicefarm:ScheduleRun\"],\"Effect\":\"Allow\",\"Resource\":\"*\"},{\"Action\":[\"servicecatalog:ListProvisioningArtifacts\",\"servicecatalog:CreateProvisioningArtifact\",\"servicecatalog:DescribeProvisioningArtifact\",\"servicecatalog:DeleteProvisioningArtifact\",\"servicecatalog:UpdateProduct\"],\"Effect\":\"Allow\",\"Resource\":\"*\"},{\"Action\":[\"cloudformation:ValidateTemplate\"],\"Effect\":\"Allow\",\"Resource\":\"*\"},{\"Action\":[\"ecr:DescribeImages\"],\"Effect\":\"Allow\",\"Resource\":\"*\"}],\"Version\":\"2012-10-17\"}",
            "policy_id": "ANPA5KZDAAKDA7N5K46NC",
            "tags": null,
            "tags_all": {}
          },
          "sensitive_attributes": [],
          "private": "bnVsbA=="
        }
      ]
    },
    {
      "mode": "managed",
      "type": "aws_iam_policy",
      "name": "cwe-01-role_policy-01",
      "provider": "provider[\"registry.terraform.io/hashicorp/aws\"]",
      "instances": [
        {
          "schema_version": 0,
          "attributes": {
            "arn": "arn:aws:iam::916512047750:policy/sample-apprun-cwe-policy",
            "description": "",
            "id": "arn:aws:iam::916512047750:policy/sample-apprun-cwe-policy",
            "name": "sample-apprun-cwe-policy",
            "name_prefix": null,
            "path": "/",
            "policy": "{\"Statement\":[{\"Action\":[\"codepipeline:StartPipelineExecution\"],\"Effect\":\"Allow\",\"Resource\":[\"arn:aws:codepipeline:*\"]}],\"Version\":\"2012-10-17\"}",
            "policy_id": "ANPA5KZDAAKDB34KFPVH3",
            "tags": null,
            "tags_all": {}
          },
          "sensitive_attributes": [],
          "private": "bnVsbA=="
        }
      ]
    },
    {
      "mode": "managed",
      "type": "aws_iam_policy",
      "name": "deploy_policy",
      "provider": "provider[\"registry.terraform.io/hashicorp/aws\"]",
      "instances": [
        {
          "schema_version": 0,
          "attributes": {
            "arn": "arn:aws:iam::916512047750:policy/sample-apprun_deploy_policy",
            "description": "",
            "id": "arn:aws:iam::916512047750:policy/sample-apprun_deploy_policy",
            "name": "sample-apprun_deploy_policy",
            "name_prefix": null,
            "path": "/",
            "policy": "{\"Statement\":[{\"Action\":[\"logs:CreateLogGroup\",\"logs:CreateLogStream\",\"logs:PutLogEvents\"],\"Effect\":\"Allow\",\"Resource\":[\"*\"],\"Sid\":\"CloudWatchLogsPolicy\"},{\"Action\":[\"ecr:BatchCheckLayerAvailability\",\"ecr:GetDownloadUrlForLayer\",\"ecr:BatchGetImage\"],\"Effect\":\"Allow\",\"Resource\":[\"*\"],\"Sid\":\"ECRPullPolicy\"},{\"Action\":[\"ecr:GetAuthorizationToken\"],\"Effect\":\"Allow\",\"Resource\":[\"*\"],\"Sid\":\"ECRAuthPolicy\"},{\"Action\":[\"codedeploy:*\"],\"Effect\":\"Allow\",\"Resource\":[\"*\"],\"Sid\":\"DeployPolicy\"},{\"Action\":[\"sns:*\"],\"Effect\":\"Allow\",\"Resource\":[\"*\"],\"Sid\":\"NotificationPolicy\"}],\"Version\":\"2012-10-17\"}",
            "policy_id": "ANPA5KZDAAKDEHDC5WSRH",
            "tags": null,
            "tags_all": {}
          },
          "sensitive_attributes": [],
          "private": "bnVsbA=="
        }
      ]
    },
    {
      "mode": "managed",
      "type": "aws_iam_policy",
      "name": "instance_policy",
      "provider": "provider[\"registry.terraform.io/hashicorp/aws\"]",
      "instances": [
        {
          "schema_version": 0,
          "attributes": {
            "arn": "arn:aws:iam::916512047750:policy/sample-apprun_instance_policy",
            "description": "",
            "id": "arn:aws:iam::916512047750:policy/sample-apprun_instance_policy",
            "name": "sample-apprun_instance_policy",
            "name_prefix": null,
            "path": "/",
            "policy": "{\"Statement\":[{\"Action\":[\"s3:Get*\",\"s3:List*\"],\"Effect\":\"Allow\",\"Resource\":[\"arn:aws:s3:::replace-with-your-s3-bucket-name/*\",\"arn:aws:s3:::aws-codedeploy-us-east-2/*\",\"arn:aws:s3:::aws-codedeploy-us-east-1/*\",\"arn:aws:s3:::aws-codedeploy-us-west-1/*\",\"arn:aws:s3:::aws-codedeploy-us-west-2/*\",\"arn:aws:s3:::aws-codedeploy-ca-central-1/*\",\"arn:aws:s3:::aws-codedeploy-eu-west-1/*\",\"arn:aws:s3:::aws-codedeploy-eu-west-2/*\",\"arn:aws:s3:::aws-codedeploy-eu-west-3/*\",\"arn:aws:s3:::aws-codedeploy-eu-central-1/*\",\"arn:aws:s3:::aws-codedeploy-ap-east-1/*\",\"arn:aws:s3:::aws-codedeploy-ap-northeast-1/*\",\"arn:aws:s3:::aws-codedeploy-ap-northeast-2/*\",\"arn:aws:s3:::aws-codedeploy-ap-southeast-1/*\",\"arn:aws:s3:::aws-codedeploy-ap-southeast-2/*\",\"arn:aws:s3:::aws-codedeploy-ap-south-1/*\",\"arn:aws:s3:::aws-codedeploy-sa-east-1/*\"]}],\"Version\":\"2012-10-17\"}",
            "policy_id": "ANPA5KZDAAKDPZAW4U4GU",
            "tags": null,
            "tags_all": {}
          },
          "sensitive_attributes": [],
          "private": "bnVsbA=="
        }
      ]
    },
    {
      "mode": "managed",
      "type": "aws_iam_role",
      "name": "cb-01-role",
      "provider": "provider[\"registry.terraform.io/hashicorp/aws\"]",
      "instances": [
        {
          "schema_version": 0,
          "attributes": {
            "arn": "arn:aws:iam::916512047750:role/sample-apprun-cb-role",
            "assume_role_policy": "{\"Version\":\"2012-10-17\",\"Statement\":[{\"Effect\":\"Allow\",\"Principal\":{\"Service\":\"codebuild.amazonaws.com\"},\"Action\":\"sts:AssumeRole\"}]}",
            "create_date": "2022-07-07T13:42:46Z",
            "description": "",
            "force_detach_policies": false,
            "id": "sample-apprun-cb-role",
            "inline_policy": [
              {
                "name": "",
                "policy": ""
              }
            ],
            "managed_policy_arns": [],
            "max_session_duration": 3600,
            "name": "sample-apprun-cb-role",
            "name_prefix": "",
            "path": "/",
            "permissions_boundary": null,
            "tags": null,
            "tags_all": {},
            "unique_id": "AROA5KZDAAKDAHDOLFWEC"
          },
          "sensitive_attributes": [],
          "private": "bnVsbA=="
        }
      ]
    },
    {
      "mode": "managed",
      "type": "aws_iam_role",
      "name": "cp-01-role",
      "provider": "provider[\"registry.terraform.io/hashicorp/aws\"]",
      "instances": [
        {
          "schema_version": 0,
          "attributes": {
            "arn": "arn:aws:iam::916512047750:role/sample-apprun-cp-role",
            "assume_role_policy": "{\"Version\":\"2012-10-17\",\"Statement\":[{\"Effect\":\"Allow\",\"Principal\":{\"Service\":\"codepipeline.amazonaws.com\"},\"Action\":\"sts:AssumeRole\"}]}",
            "create_date": "2022-07-07T13:42:46Z",
            "description": "",
            "force_detach_policies": false,
            "id": "sample-apprun-cp-role",
            "inline_policy": [
              {
                "name": "",
                "policy": ""
              }
            ],
            "managed_policy_arns": [],
            "max_session_duration": 3600,
            "name": "sample-apprun-cp-role",
            "name_prefix": "",
            "path": "/",
            "permissions_boundary": null,
            "tags": null,
            "tags_all": {},
            "unique_id": "AROA5KZDAAKDCEHVDCNCR"
          },
          "sensitive_attributes": [],
          "private": "bnVsbA=="
        }
      ]
    },
    {
      "mode": "managed",
      "type": "aws_iam_role",
      "name": "cwe-01-role",
      "provider": "provider[\"registry.terraform.io/hashicorp/aws\"]",
      "instances": [
        {
          "schema_version": 0,
          "attributes": {
            "arn": "arn:aws:iam::916512047750:role/sample-apprun-cwe-role",
            "assume_role_policy": "{\"Version\":\"2012-10-17\",\"Statement\":[{\"Effect\":\"Allow\",\"Principal\":{\"Service\":\"events.amazonaws.com\"},\"Action\":\"sts:AssumeRole\"}]}",
            "create_date": "2022-07-07T13:42:46Z",
            "description": "",
            "force_detach_policies": false,
            "id": "sample-apprun-cwe-role",
            "inline_policy": [
              {
                "name": "",
                "policy": ""
              }
            ],
            "managed_policy_arns": [],
            "max_session_duration": 3600,
            "name": "sample-apprun-cwe-role",
            "name_prefix": "",
            "path": "/",
            "permissions_boundary": null,
            "tags": null,
            "tags_all": {},
            "unique_id": "AROA5KZDAAKDIVARAREIP"
          },
          "sensitive_attributes": [],
          "private": "bnVsbA=="
        }
      ]
    },
    {
      "mode": "managed",
      "type": "aws_iam_role",
      "name": "deploy_role",
      "provider": "provider[\"registry.terraform.io/hashicorp/aws\"]",
      "instances": [
        {
          "schema_version": 0,
          "attributes": {
            "arn": "arn:aws:iam::916512047750:role/sample-apprun_deploy_role",
            "assume_role_policy": "{\"Version\":\"2012-10-17\",\"Statement\":[{\"Sid\":\"\",\"Effect\":\"Allow\",\"Principal\":{\"Service\":\"codedeploy.amazonaws.com\"},\"Action\":\"sts:AssumeRole\"}]}",
            "create_date": "2022-07-07T13:42:46Z",
            "description": "",
            "force_detach_policies": false,
            "id": "sample-apprun_deploy_role",
            "inline_policy": [
              {
                "name": "",
                "policy": ""
              }
            ],
            "managed_policy_arns": [],
            "max_session_duration": 3600,
            "name": "sample-apprun_deploy_role",
            "name_prefix": "",
            "path": "/",
            "permissions_boundary": null,
            "tags": null,
            "tags_all": {},
            "unique_id": "AROA5KZDAAKDHVASLV7H7"
          },
          "sensitive_attributes": [],
          "private": "bnVsbA=="
        }
      ]
    },
    {
      "mode": "managed",
      "type": "aws_iam_role",
      "name": "instance_role",
      "provider": "provider[\"registry.terraform.io/hashicorp/aws\"]",
      "instances": [
        {
          "schema_version": 0,
          "attributes": {
            "arn": "arn:aws:iam::916512047750:role/sample-apprun_instance_role",
            "assume_role_policy": "{\"Version\":\"2012-10-17\",\"Statement\":[{\"Effect\":\"Allow\",\"Principal\":{\"Service\":\"ec2.amazonaws.com\"},\"Action\":\"sts:AssumeRole\"}]}",
            "create_date": "2022-07-07T13:42:46Z",
            "description": "The role for a instance with jenkins",
            "force_detach_policies": false,
            "id": "sample-apprun_instance_role",
            "inline_policy": [
              {
                "name": "",
                "policy": ""
              }
            ],
            "managed_policy_arns": [],
            "max_session_duration": 3600,
            "name": "sample-apprun_instance_role",
            "name_prefix": "",
            "path": "/",
            "permissions_boundary": null,
            "tags": null,
            "tags_all": {},
            "unique_id": "AROA5KZDAAKDPGS53EF5U"
          },
          "sensitive_attributes": [],
          "private": "bnVsbA=="
        }
      ]
    },
    {
      "mode": "managed",
      "type": "aws_iam_role_policy_attachment",
      "name": "cb-01-role_policy-01_attach",
      "provider": "provider[\"registry.terraform.io/hashicorp/aws\"]",
      "instances": [
        {
          "schema_version": 0,
          "attributes": {
            "id": "sample-apprun-cb-role-20220707134247456600000006",
            "policy_arn": "arn:aws:iam::916512047750:policy/sample-apprun-cb-policy",
            "role": "sample-apprun-cb-role"
          },
          "sensitive_attributes": [],
          "private": "bnVsbA==",
          "dependencies": [
            "aws_iam_policy.cb-01-role_policy-01",
            "aws_iam_role.cb-01-role"
          ]
        }
      ]
    },
    {
      "mode": "managed",
      "type": "aws_iam_role_policy_attachment",
      "name": "cb-01-role_policy-02_attach",
      "provider": "provider[\"registry.terraform.io/hashicorp/aws\"]",
      "instances": [
        {
          "schema_version": 0,
          "attributes": {
            "id": "sample-apprun-cb-role-20220707134247452500000005",
            "policy_arn": "arn:aws:iam::aws:policy/AmazonEC2ContainerRegistryPowerUser",
            "role": "sample-apprun-cb-role"
          },
          "sensitive_attributes": [],
          "private": "bnVsbA==",
          "dependencies": [
            "aws_iam_role.cb-01-role"
          ]
        }
      ]
    },
    {
      "mode": "managed",
      "type": "aws_iam_role_policy_attachment",
      "name": "cp-01-role_policy-01_attach",
      "provider": "provider[\"registry.terraform.io/hashicorp/aws\"]",
      "instances": [
        {
          "schema_version": 0,
          "attributes": {
            "id": "sample-apprun-cp-role-20220707134246802900000002",
            "policy_arn": "arn:aws:iam::916512047750:policy/sample-apprun-cp-policy",
            "role": "sample-apprun-cp-role"
          },
          "sensitive_attributes": [],
          "private": "bnVsbA==",
          "dependencies": [
            "aws_iam_policy.cp-01-role_policy-01",
            "aws_iam_role.cp-01-role"
          ]
        }
      ]
    },
    {
      "mode": "managed",
      "type": "aws_iam_role_policy_attachment",
      "name": "cwe-01-role_policy-01_attach",
      "provider": "provider[\"registry.terraform.io/hashicorp/aws\"]",
      "instances": [
        {
          "schema_version": 0,
          "attributes": {
            "id": "sample-apprun-cwe-role-20220707134246781900000001",
            "policy_arn": "arn:aws:iam::916512047750:policy/sample-apprun-cwe-policy",
            "role": "sample-apprun-cwe-role"
          },
          "sensitive_attributes": [],
          "private": "bnVsbA==",
          "dependencies": [
            "aws_iam_policy.cwe-01-role_policy-01",
            "aws_iam_role.cwe-01-role"
          ]
        }
      ]
    },
    {
      "mode": "managed",
      "type": "aws_iam_role_policy_attachment",
      "name": "deploy_policy_attach",
      "provider": "provider[\"registry.terraform.io/hashicorp/aws\"]",
      "instances": [
        {
          "schema_version": 0,
          "attributes": {
            "id": "sample-apprun_deploy_role-20220707134246805000000003",
            "policy_arn": "arn:aws:iam::916512047750:policy/sample-apprun_deploy_policy",
            "role": "sample-apprun_deploy_role"
          },
          "sensitive_attributes": [],
          "private": "bnVsbA==",
          "dependencies": [
            "aws_iam_policy.deploy_policy",
            "aws_iam_role.deploy_role"
          ]
        }
      ]
    },
    {
      "mode": "managed",
      "type": "aws_iam_role_policy_attachment",
      "name": "instance_policy_attach",
      "provider": "provider[\"registry.terraform.io/hashicorp/aws\"]",
      "instances": [
        {
          "schema_version": 0,
          "attributes": {
            "id": "sample-apprun_instance_role-20220707134246938600000004",
            "policy_arn": "arn:aws:iam::916512047750:policy/sample-apprun_instance_policy",
            "role": "sample-apprun_instance_role"
          },
          "sensitive_attributes": [],
          "private": "bnVsbA==",
          "dependencies": [
            "aws_iam_policy.instance_policy",
            "aws_iam_role.instance_role"
          ]
        }
      ]
    },
    {
      "mode": "managed",
      "type": "aws_s3_bucket",
      "name": "artifact_store",
      "provider": "provider[\"registry.terraform.io/hashicorp/aws\"]",
      "instances": [
        {
          "schema_version": 0,
          "attributes": {
            "acceleration_status": "",
            "acl": "private",
            "arn": "arn:aws:s3:::sample-apprun-artifact-for-cicdpipeline",
            "bucket": "sample-apprun-artifact-for-cicdpipeline",
            "bucket_domain_name": "sample-apprun-artifact-for-cicdpipeline.s3.amazonaws.com",
            "bucket_prefix": null,
            "bucket_regional_domain_name": "sample-apprun-artifact-for-cicdpipeline.s3.ap-northeast-1.amazonaws.com",
            "cors_rule": [],
            "force_destroy": true,
            "grant": [
              {
                "id": "faaad72150b5925a6e805be558413c979c809991507011a38ec15be42fb620b4",
                "permissions": [
                  "FULL_CONTROL"
                ],
                "type": "CanonicalUser",
                "uri": ""
              }
            ],
            "hosted_zone_id": "Z2M4EHUR26P7ZW",
            "id": "sample-apprun-artifact-for-cicdpipeline",
            "lifecycle_rule": [],
            "logging": [],
            "object_lock_configuration": [],
            "object_lock_enabled": false,
            "policy": "",
            "region": "ap-northeast-1",
            "replication_configuration": [],
            "request_payer": "BucketOwner",
            "server_side_encryption_configuration": [],
            "tags": null,
            "tags_all": {},
            "versioning": [
              {
                "enabled": false,
                "mfa_delete": false
              }
            ],
            "website": [],
            "website_domain": null,
            "website_endpoint": null
          },
          "sensitive_attributes": [],
          "private": "bnVsbA=="
        }
      ]
    },
    {
      "mode": "managed",
      "type": "aws_sns_topic",
      "name": "CICD_execution_results",
      "provider": "provider[\"registry.terraform.io/hashicorp/aws\"]",
      "instances": [
        {
          "schema_version": 0,
          "attributes": {
            "application_failure_feedback_role_arn": "",
            "application_success_feedback_role_arn": "",
            "application_success_feedback_sample_rate": 0,
            "arn": "arn:aws:sns:ap-northeast-1:916512047750:sample-apprun_sns_topic_name",
            "content_based_deduplication": false,
            "delivery_policy": "",
            "display_name": "",
            "fifo_topic": false,
            "firehose_failure_feedback_role_arn": "",
            "firehose_success_feedback_role_arn": "",
            "firehose_success_feedback_sample_rate": 0,
            "http_failure_feedback_role_arn": "",
            "http_success_feedback_role_arn": "",
            "http_success_feedback_sample_rate": 0,
            "id": "arn:aws:sns:ap-northeast-1:916512047750:sample-apprun_sns_topic_name",
            "kms_master_key_id": "",
            "lambda_failure_feedback_role_arn": "",
            "lambda_success_feedback_role_arn": "",
            "lambda_success_feedback_sample_rate": 0,
            "name": "sample-apprun_sns_topic_name",
            "name_prefix": "",
            "owner": "916512047750",
            "policy": "{\"Version\":\"2008-10-17\",\"Id\":\"__default_policy_ID\",\"Statement\":[{\"Sid\":\"__default_statement_ID\",\"Effect\":\"Allow\",\"Principal\":{\"AWS\":\"*\"},\"Action\":[\"SNS:GetTopicAttributes\",\"SNS:SetTopicAttributes\",\"SNS:AddPermission\",\"SNS:RemovePermission\",\"SNS:DeleteTopic\",\"SNS:Subscribe\",\"SNS:ListSubscriptionsByTopic\",\"SNS:Publish\"],\"Resource\":\"arn:aws:sns:ap-northeast-1:916512047750:sample-apprun_sns_topic_name\",\"Condition\":{\"StringEquals\":{\"AWS:SourceOwner\":\"916512047750\"}}}]}",
            "sqs_failure_feedback_role_arn": "",
            "sqs_success_feedback_role_arn": "",
            "sqs_success_feedback_sample_rate": 0,
            "tags": null,
            "tags_all": {}
          },
          "sensitive_attributes": [],
          "private": "bnVsbA=="
        }
      ]
    },
    {
      "mode": "managed",
      "type": "aws_sns_topic_subscription",
      "name": "execution_results_target",
      "provider": "provider[\"registry.terraform.io/hashicorp/aws\"]",
      "instances": [
        {
          "schema_version": 0,
          "attributes": {
            "arn": "arn:aws:sns:ap-northeast-1:916512047750:sample-apprun_sns_topic_name:a0350a74-8c35-489e-830c-79a7880f8652",
            "confirmation_timeout_in_minutes": 1,
            "confirmation_was_authenticated": false,
            "delivery_policy": "",
            "endpoint": "bestabokadon910@gmail.com",
            "endpoint_auto_confirms": false,
            "filter_policy": "",
            "id": "arn:aws:sns:ap-northeast-1:916512047750:sample-apprun_sns_topic_name:a0350a74-8c35-489e-830c-79a7880f8652",
            "owner_id": "916512047750",
            "pending_confirmation": true,
            "protocol": "email",
            "raw_message_delivery": false,
            "redrive_policy": "",
            "subscription_role_arn": "",
            "topic_arn": "arn:aws:sns:ap-northeast-1:916512047750:sample-apprun_sns_topic_name"
          },
          "sensitive_attributes": [],
          "private": "bnVsbA==",
          "dependencies": [
            "aws_sns_topic.CICD_execution_results"
          ]
        }
      ]
    }
  ]
}
